
Microsoft Visual Studio Solution File, Format Version 11.00
# Visual Studio 2010
Project("{FAE04EC0-301F-11D3-BF4B-00C04F79EFBC}") = "iqccs", "iqccs\iqccs.csproj", "{AD11E349-6DAB-4AF1-A2DA-9D25E1D704E0}"
EndProject
Global
	GlobalSection(SolutionConfigurationPlatforms) = preSolution
		Debug|x86 = Debug|x86
		Release|x86 = Release|x86
	EndGlobalSection
	GlobalSection(ProjectConfigurationPlatforms) = postSolution
		{AD11E349-6DAB-4AF1-A2DA-9D25E1D704E0}.Debug|x86.ActiveCfg = Debug|x86
		{AD11E349-6DAB-4AF1-A2DA-9D25E1D704E0}.Debug|x86.Build.0 = Debug|x86
		{AD11E349-6DAB-4AF1-A2DA-9D25E1D704E0}.Release|x86.ActiveCfg = Release|x86
		{AD11E349-6DAB-4AF1-A2DA-9D25E1D704E0}.Release|x86.Build.0 = Release|x86
	EndGlobalSection
	GlobalSection(SolutionProperties) = preSolution
		HideSolutionNode = FALSE
	EndGlobalSection
EndGlobal
